
Microsoft Visual Studio Solution File, Format Version 12.00
# Visual Studio Version 16
VisualStudioVersion = 16.0.29123.88
MinimumVisualStudioVersion = 10.0.40219.1
Project("{FAE04EC0-301F-11D3-BF4B-00C04F79EFBC}") = "SizeDB2", "SizeDB2\SizeDB2.csproj", "{8FF81167-7D83-4A49-8818-F5D47742CB5F}"
EndProject
Project("{FAE04EC0-301F-11D3-BF4B-00C04F79EFBC}") = "SizeDB2.Tests", "SizeDB2.Tests\SizeDB2.Tests.csproj", "{A22A34A1-9FCA-47FB-BF03-AF66BC68ABAF}"
EndProject
Global
	GlobalSection(SolutionConfigurationPlatforms) = preSolution
		Debug|Any CPU = Debug|Any CPU
		Release|Any CPU = Release|Any CPU
	EndGlobalSection
	GlobalSection(ProjectConfigurationPlatforms) = postSolution
		{8FF81167-7D83-4A49-8818-F5D47742CB5F}.Debug|Any CPU.ActiveCfg = Debug|Any CPU
		{8FF81167-7D83-4A49-8818-F5D47742CB5F}.Debug|Any CPU.Build.0 = Debug|Any CPU
		{8FF81167-7D83-4A49-8818-F5D47742CB5F}.Release|Any CPU.ActiveCfg = Release|Any CPU
		{8FF81167-7D83-4A49-8818-F5D47742CB5F}.Release|Any CPU.Build.0 = Release|Any CPU
		{A22A34A1-9FCA-47FB-BF03-AF66BC68ABAF}.Debug|Any CPU.ActiveCfg = Debug|Any CPU
		{A22A34A1-9FCA-47FB-BF03-AF66BC68ABAF}.Debug|Any CPU.Build.0 = Debug|Any CPU
		{A22A34A1-9FCA-47FB-BF03-AF66BC68ABAF}.Release|Any CPU.ActiveCfg = Release|Any CPU
		{A22A34A1-9FCA-47FB-BF03-AF66BC68ABAF}.Release|Any CPU.Build.0 = Release|Any CPU
	EndGlobalSection
	GlobalSection(SolutionProperties) = preSolution
		HideSolutionNode = FALSE
	EndGlobalSection
	GlobalSection(ExtensibilityGlobals) = postSolution
		SolutionGuid = {9AA6DBDC-D61A-44E1-B627-46D0C514E62C}
	EndGlobalSection
EndGlobal
